// !$*UTF8*$!
{
	archiveVersion = 1;
	classes = {
	};
	objectVersion = 50;
	objects = {

/* Begin PBXBuildFile section */
		FA4F475C2583849300E91154 /* AppDelegate.swift in Sources */ = {isa = PBXBuildFile; fileRef = FA4F475B2583849300E91154 /* AppDelegate.swift */; };
		FA4F47602583849300E91154 /* MainViewController.swift in Sources */ = {isa = PBXBuildFile; fileRef = FA4F475F2583849300E91154 /* MainViewController.swift */; };
		FA4F47652583849300E91154 /* Assets.xcassets in Resources */ = {isa = PBXBuildFile; fileRef = FA4F47642583849300E91154 /* Assets.xcassets */; };
		FA4F47682583849300E91154 /* LaunchScreen.storyboard in Resources */ = {isa = PBXBuildFile; fileRef = FA4F47662583849300E91154 /* LaunchScreen.storyboard */; };
		FA6E68FB25838617003C0319 /* AppConfig.swift in Sources */ = {isa = PBXBuildFile; fileRef = FA6E68FA25838617003C0319 /* AppConfig.swift */; };
		FA6E6902258388A6003C0319 /* ImageTableViewCell.swift in Sources */ = {isa = PBXBuildFile; fileRef = FA6E6901258388A6003C0319 /* ImageTableViewCell.swift */; };
		FA6E690625838901003C0319 /* ImageViewModel.swift in Sources */ = {isa = PBXBuildFile; fileRef = FA6E690525838901003C0319 /* ImageViewModel.swift */; };
		FA6E690925838949003C0319 /* ImageModel.swift in Sources */ = {isa = PBXBuildFile; fileRef = FA6E690825838949003C0319 /* ImageModel.swift */; };
		FA6E690D25862E92003C0319 /* NetworkManager.swift in Sources */ = {isa = PBXBuildFile; fileRef = FA6E690C25862E92003C0319 /* NetworkManager.swift */; };
		FA6E69142586575B003C0319 /* ImageDetailsViewController.swift in Sources */ = {isa = PBXBuildFile; fileRef = FA6E69132586575B003C0319 /* ImageDetailsViewController.swift */; };
/* End PBXBuildFile section */

/* Begin PBXFileReference section */
		FA4F47582583849300E91154 /* ImageApp.app */ = {isa = PBXFileReference; explicitFileType = wrapper.application; includeInIndex = 0; path = ImageApp.app; sourceTree = BUILT_PRODUCTS_DIR; };
		FA4F475B2583849300E91154 /* AppDelegate.swift */ = {isa = PBXFileReference; lastKnownFileType = sourcecode.swift; path = AppDelegate.swift; sourceTree = "<group>"; };
		FA4F475F2583849300E91154 /* MainViewController.swift */ = {isa = PBXFileReference; lastKnownFileType = sourcecode.swift; path = MainViewController.swift; sourceTree = "<group>"; };
		FA4F47642583849300E91154 /* Assets.xcassets */ = {isa = PBXFileReference; lastKnownFileType = folder.assetcatalog; path = Assets.xcassets; sourceTree = "<group>"; };
		FA4F47672583849300E91154 /* Base */ = {isa = PBXFileReference; lastKnownFileType = file.storyboard; name = Base; path = Base.lproj/LaunchScreen.storyboard; sourceTree = "<group>"; };
		FA4F47692583849300E91154 /* Info.plist */ = {isa = PBXFileReference; lastKnownFileType = text.plist.xml; path = Info.plist; sourceTree = "<group>"; };
		FA6E68FA25838617003C0319 /* AppConfig.swift */ = {isa = PBXFileReference; lastKnownFileType = sourcecode.swift; path = AppConfig.swift; sourceTree = "<group>"; };
		FA6E6901258388A6003C0319 /* ImageTableViewCell.swift */ = {isa = PBXFileReference; lastKnownFileType = sourcecode.swift; path = ImageTableViewCell.swift; sourceTree = "<group>"; };
		FA6E690525838901003C0319 /* ImageViewModel.swift */ = {isa = PBXFileReference; lastKnownFileType = sourcecode.swift; path = ImageViewModel.swift; sourceTree = "<group>"; };
		FA6E690825838949003C0319 /* ImageModel.swift */ = {isa = PBXFileReference; lastKnownFileType = sourcecode.swift; path = ImageModel.swift; sourceTree = "<group>"; };
		FA6E690C25862E92003C0319 /* NetworkManager.swift */ = {isa = PBXFileReference; lastKnownFileType = sourcecode.swift; path = NetworkManager.swift; sourceTree = "<group>"; };
		FA6E69132586575B003C0319 /* ImageDetailsViewController.swift */ = {isa = PBXFileReference; lastKnownFileType = sourcecode.swift; path = ImageDetailsViewController.swift; sourceTree = "<group>"; };
/* End PBXFileReference section */

/* Begin PBXFrameworksBuildPhase section */
		FA4F47552583849300E91154 /* Frameworks */ = {
			isa = PBXFrameworksBuildPhase;
			buildActionMask = 2147483647;
			files = (
			);
			runOnlyForDeploymentPostprocessing = 0;
		};
/* End PBXFrameworksBuildPhase section */

/* Begin PBXGroup section */
		FA4F474F2583849300E91154 = {
			isa = PBXGroup;
			children = (
				FA4F475A2583849300E91154 /* ImageApp */,
				FA4F47592583849300E91154 /* Products */,
			);
			sourceTree = "<group>";
		};
		FA4F47592583849300E91154 /* Products */ = {
			isa = PBXGroup;
			children = (
				FA4F47582583849300E91154 /* ImageApp.app */,
			);
			name = Products;
			sourceTree = "<group>";
		};
		FA4F475A2583849300E91154 /* ImageApp */ = {
			isa = PBXGroup;
			children = (
				FA4F4773258384B500E91154 /* Moduels */,
				FA4F4771258384A700E91154 /* SupportingFiles */,
			);
			path = ImageApp;
			sourceTree = "<group>";
		};
		FA4F4771258384A700E91154 /* SupportingFiles */ = {
			isa = PBXGroup;
			children = (
				FA4F475B2583849300E91154 /* AppDelegate.swift */,
				FA4F47642583849300E91154 /* Assets.xcassets */,
				FA4F47662583849300E91154 /* LaunchScreen.storyboard */,
				FA4F47692583849300E91154 /* Info.plist */,
			);
			path = SupportingFiles;
			sourceTree = "<group>";
		};
		FA4F4773258384B500E91154 /* Moduels */ = {
			isa = PBXGroup;
			children = (
				FA6E691125865742003C0319 /* ImageDetailsScreen */,
				FA4F4775258384BA00E91154 /* MainScreen */,
				FA4F4774258384B700E91154 /* Common */,
			);
			path = Moduels;
			sourceTree = "<group>";
		};
		FA4F4774258384B700E91154 /* Common */ = {
			isa = PBXGroup;
			children = (
				FA6E690B25862E81003C0319 /* Repositories */,
				FA6E68F92583860D003C0319 /* Config */,
			);
			path = Common;
			sourceTree = "<group>";
		};
		FA4F4775258384BA00E91154 /* MainScreen */ = {
			isa = PBXGroup;
			children = (
				FA6E690025838851003C0319 /* ViewModels */,
				FA6E68FF2583884F003C0319 /* Views */,
				FA4F4776258384C400E91154 /* Controllers */,
				FA6E68FE2583884D003C0319 /* Models */,
			);
			path = MainScreen;
			sourceTree = "<group>";
		};
		FA4F4776258384C400E91154 /* Controllers */ = {
			isa = PBXGroup;
			children = (
				FA4F475F2583849300E91154 /* MainViewController.swift */,
			);
			path = Controllers;
			sourceTree = "<group>";
		};
		FA6E68F92583860D003C0319 /* Config */ = {
			isa = PBXGroup;
			children = (
				FA6E68FA25838617003C0319 /* AppConfig.swift */,
			);
			path = Config;
			sourceTree = "<group>";
		};
		FA6E68FE2583884D003C0319 /* Models */ = {
			isa = PBXGroup;
			children = (
				FA6E690825838949003C0319 /* ImageModel.swift */,
			);
			path = Models;
			sourceTree = "<group>";
		};
		FA6E68FF2583884F003C0319 /* Views */ = {
			isa = PBXGroup;
			children = (
				FA6E6901258388A6003C0319 /* ImageTableViewCell.swift */,
			);
			path = Views;
			sourceTree = "<group>";
		};
		FA6E690025838851003C0319 /* ViewModels */ = {
			isa = PBXGroup;
			children = (
				FA6E690525838901003C0319 /* ImageViewModel.swift */,
			);
			path = ViewModels;
			sourceTree = "<group>";
		};
		FA6E690B25862E81003C0319 /* Repositories */ = {
			isa = PBXGroup;
			children = (
				FA6E690C25862E92003C0319 /* NetworkManager.swift */,
			);
			path = Repositories;
			sourceTree = "<group>";
		};
		FA6E691125865742003C0319 /* ImageDetailsScreen */ = {
			isa = PBXGroup;
			children = (
				FA6E69122586574E003C0319 /* Controllers */,
			);
			path = ImageDetailsScreen;
			sourceTree = "<group>";
		};
		FA6E69122586574E003C0319 /* Controllers */ = {
			isa = PBXGroup;
			children = (
				FA6E69132586575B003C0319 /* ImageDetailsViewController.swift */,
			);
			path = Controllers;
			sourceTree = "<group>";
		};
/* End PBXGroup section */

/* Begin PBXNativeTarget section */
		FA4F47572583849300E91154 /* ImageApp */ = {
			isa = PBXNativeTarget;
			buildConfigurationList = FA4F476C2583849300E91154 /* Build configuration list for PBXNativeTarget "ImageApp" */;
			buildPhases = (
				FA4F47542583849300E91154 /* Sources */,
				FA4F47552583849300E91154 /* Frameworks */,
				FA4F47562583849300E91154 /* Resources */,
			);
			buildRules = (
			);
			dependencies = (
			);
			name = ImageApp;
			productName = ImageApp;
			productReference = FA4F47582583849300E91154 /* ImageApp.app */;
			productType = "com.apple.product-type.application";
		};
/* End PBXNativeTarget section */

/* Begin PBXProject section */
		FA4F47502583849300E91154 /* Project object */ = {
			isa = PBXProject;
			attributes = {
				LastSwiftUpdateCheck = 1220;
				LastUpgradeCheck = 1220;
				TargetAttributes = {
					FA4F47572583849300E91154 = {
						CreatedOnToolsVersion = 12.2;
					};
				};
			};
			buildConfigurationList = FA4F47532583849300E91154 /* Build configuration list for PBXProject "ImageApp" */;
			compatibilityVersion = "Xcode 9.3";
			developmentRegion = en;
			hasScannedForEncodings = 0;
			knownRegions = (
				en,
				Base,
			);
			mainGroup = FA4F474F2583849300E91154;
			productRefGroup = FA4F47592583849300E91154 /* Products */;
			projectDirPath = "";
			projectRoot = "";
			targets = (
				FA4F47572583849300E91154 /* ImageApp */,
			);
		};
/* End PBXProject section */

/* Begin PBXResourcesBuildPhase section */
		FA4F47562583849300E91154 /* Resources */ = {
			isa = PBXResourcesBuildPhase;
			buildActionMask = 2147483647;
			files = (
				FA4F47682583849300E91154 /* LaunchScreen.storyboard in Resources */,
				FA4F47652583849300E91154 /* Assets.xcassets in Resources */,
			);
			runOnlyForDeploymentPostprocessing = 0;
		};
/* End PBXResourcesBuildPhase section */

/* Begin PBXSourcesBuildPhase section */
		FA4F47542583849300E91154 /* Sources */ = {
			isa = PBXSourcesBuildPhase;
			buildActionMask = 2147483647;
			files = (
				FA6E68FB25838617003C0319 /* AppConfig.swift in Sources */,
				FA6E690925838949003C0319 /* ImageModel.swift in Sources */,
				FA6E690625838901003C0319 /* ImageViewModel.swift in Sources */,
				FA6E690D25862E92003C0319 /* NetworkManager.swift in Sources */,
				FA6E6902258388A6003C0319 /* ImageTableViewCell.swift in Sources */,
				FA4F47602583849300E91154 /* MainViewController.swift in Sources */,
				FA6E69142586575B003C0319 /* ImageDetailsViewController.swift in Sources */,
				FA4F475C2583849300E91154 /* AppDelegate.swift in Sources */,
			);
			runOnlyForDeploymentPostprocessing = 0;
		};
/* End PBXSourcesBuildPhase section */

/* Begin PBXVariantGroup section */
		FA4F47662583849300E91154 /* LaunchScreen.storyboard */ = {
			isa = PBXVariantGroup;
			children = (
				FA4F47672583849300E91154 /* Base */,
			);
			name = LaunchScreen.storyboard;
			sourceTree = "<group>";
		};
/* End PBXVariantGroup section */

/* Begin XCBuildConfiguration section */
		FA4F476A2583849300E91154 /* Debug */ = {
			isa = XCBuildConfiguration;
			buildSettings = {
				ALWAYS_SEARCH_USER_PATHS = NO;
				CLANG_ANALYZER_NONNULL = YES;
				CLANG_ANALYZER_NUMBER_OBJECT_CONVERSION = YES_AGGRESSIVE;
				CLANG_CXX_LANGUAGE_STANDARD = "gnu++14";
				CLANG_CXX_LIBRARY = "libc++";
				CLANG_ENABLE_MODULES = YES;
				CLANG_ENABLE_OBJC_ARC = YES;
				CLANG_ENABLE_OBJC_WEAK = YES;
				CLANG_WARN_BLOCK_CAPTURE_AUTORELEASING = YES;
				CLANG_WARN_BOOL_CONVERSION = YES;
				CLANG_WARN_COMMA = YES;
				CLANG_WARN_CONSTANT_CONVERSION = YES;
				CLANG_WARN_DEPRECATED_OBJC_IMPLEMENTATIONS = YES;
				CLANG_WARN_DIRECT_OBJC_ISA_USAGE = YES_ERROR;
				CLANG_WARN_DOCUMENTATION_COMMENTS = YES;
				CLANG_WARN_EMPTY_BODY = YES;
				CLANG_WARN_ENUM_CONVERSION = YES;
				CLANG_WARN_INFINITE_RECURSION = YES;
				CLANG_WARN_INT_CONVERSION = YES;
				CLANG_WARN_NON_LITERAL_NULL_CONVERSION = YES;
				CLANG_WARN_OBJC_IMPLICIT_RETAIN_SELF = YES;
				CLANG_WARN_OBJC_LITERAL_CONVERSION = YES;
				CLANG_WARN_OBJC_ROOT_CLASS = YES_ERROR;
				CLANG_WARN_QUOTED_INCLUDE_IN_FRAMEWORK_HEADER = YES;
				CLANG_WARN_RANGE_LOOP_ANALYSIS = YES;
				CLANG_WARN_STRICT_PROTOTYPES = YES;
				CLANG_WARN_SUSPICIOUS_MOVE = YES;
				CLANG_WARN_UNGUARDED_AVAILABILITY = YES_AGGRESSIVE;
				CLANG_WARN_UNREACHABLE_CODE = YES;
				CLANG_WARN__DUPLICATE_METHOD_MATCH = YES;
				COPY_PHASE_STRIP = NO;
				DEBUG_INFORMATION_FORMAT = dwarf;
				ENABLE_STRICT_OBJC_MSGSEND = YES;
				ENABLE_TESTABILITY = YES;
				GCC_C_LANGUAGE_STANDARD = gnu11;
				GCC_DYNAMIC_NO_PIC = NO;
				GCC_NO_COMMON_BLOCKS = YES;
				GCC_OPTIMIZATION_LEVEL = 0;
				GCC_PREPROCESSOR_DEFINITIONS = (
					"DEBUG=1",
					"$(inherited)",
				);
				GCC_WARN_64_TO_32_BIT_CONVERSION = YES;
				GCC_WARN_ABOUT_RETURN_TYPE = YES_ERROR;
				GCC_WARN_UNDECLARED_SELECTOR = YES;
				GCC_WARN_UNINITIALIZED_AUTOS = YES_AGGRESSIVE;
				GCC_WARN_UNUSED_FUNCTION = YES;
				GCC_WARN_UNUSED_VARIABLE = YES;
				IPHONEOS_DEPLOYMENT_TARGET = 14.2;
				MTL_ENABLE_DEBUG_INFO = INCLUDE_SOURCE;
				MTL_FAST_MATH = YES;
				ONLY_ACTIVE_ARCH = YES;
				SDKROOT = iphoneos;
				SWIFT_ACTIVE_COMPILATION_CONDITIONS = DEBUG;
				SWIFT_OPTIMIZATION_LEVEL = "-Onone";
			};
			name = Debug;
		};
		FA4F476B2583849300E91154 /* Release */ = {
			isa = XCBuildConfiguration;
			buildSettings = {
				ALWAYS_SEARCH_USER_PATHS = NO;
				CLANG_ANALYZER_NONNULL = YES;
				CLANG_ANALYZER_NUMBER_OBJECT_CONVERSION = YES_AGGRESSIVE;
				CLANG_CXX_LANGUAGE_STANDARD = "gnu++14";
				CLANG_CXX_LIBRARY = "libc++";
				CLANG_ENABLE_MODULES = YES;
				CLANG_ENABLE_OBJC_ARC = YES;
				CLANG_ENABLE_OBJC_WEAK = YES;
				CLANG_WARN_BLOCK_CAPTURE_AUTORELEASING = YES;
				CLANG_WARN_BOOL_CONVERSION = YES;
				CLANG_WARN_COMMA = YES;
				CLANG_WARN_CONSTANT_CONVERSION = YES;
				CLANG_WARN_DEPRECATED_OBJC_IMPLEMENTATIONS = YES;
				CLANG_WARN_DIRECT_OBJC_ISA_USAGE = YES_ERROR;
				CLANG_WARN_DOCUMENTATION_COMMENTS = YES;
				CLANG_WARN_EMPTY_BODY = YES;
				CLANG_WARN_ENUM_CONVERSION = YES;
				CLANG_WARN_INFINITE_RECURSION = YES;
				CLANG_WARN_INT_CONVERSION = YES;
				CLANG_WARN_NON_LITERAL_NULL_CONVERSION = YES;
				CLANG_WARN_OBJC_IMPLICIT_RETAIN_SELF = YES;
				CLANG_WARN_OBJC_LITERAL_CONVERSION = YES;
				CLANG_WARN_OBJC_ROOT_CLASS = YES_ERROR;
				CLANG_WARN_QUOTED_INCLUDE_IN_FRAMEWORK_HEADER = YES;
				CLANG_WARN_RANGE_LOOP_ANALYSIS = YES;
				CLANG_WARN_STRICT_PROTOTYPES = YES;
				CLANG_WARN_SUSPICIOUS_MOVE = YES;
				CLANG_WARN_UNGUARDED_AVAILABILITY = YES_AGGRESSIVE;
				CLANG_WARN_UNREACHABLE_CODE = YES;
				CLANG_WARN__DUPLICATE_METHOD_MATCH = YES;
				COPY_PHASE_STRIP = NO;
				DEBUG_INFORMATION_FORMAT = "dwarf-with-dsym";
				ENABLE_NS_ASSERTIONS = NO;
				ENABLE_STRICT_OBJC_MSGSEND = YES;
				GCC_C_LANGUAGE_STANDARD = gnu11;
				GCC_NO_COMMON_BLOCKS = YES;
				GCC_WARN_64_TO_32_BIT_CONVERSION = YES;
				GCC_WARN_ABOUT_RETURN_TYPE = YES_ERROR;
				GCC_WARN_UNDECLARED_SELECTOR = YES;
				GCC_WARN_UNINITIALIZED_AUTOS = YES_AGGRESSIVE;
				GCC_WARN_UNUSED_FUNCTION = YES;
				GCC_WARN_UNUSED_VARIABLE = YES;
				IPHONEOS_DEPLOYMENT_TARGET = 14.2;
				MTL_ENABLE_DEBUG_INFO = NO;
				MTL_FAST_MATH = YES;
				SDKROOT = iphoneos;
				SWIFT_COMPILATION_MODE = wholemodule;
				SWIFT_OPTIMIZATION_LEVEL = "-O";
				VALIDATE_PRODUCT = YES;
			};
			name = Release;
		};
		FA4F476D2583849300E91154 /* Debug */ = {
			isa = XCBuildConfiguration;
			buildSettings = {
				ASSETCATALOG_COMPILER_APPICON_NAME = AppIcon;
				ASSETCATALOG_COMPILER_GLOBAL_ACCENT_COLOR_NAME = AccentColor;
				CODE_SIGN_STYLE = Automatic;
				DEVELOPMENT_TEAM = LMGHP5L64B;
				INFOPLIST_FILE = ImageApp/SupportingFiles/Info.plist;
				LD_RUNPATH_SEARCH_PATHS = (
					"$(inherited)",
					"@executable_path/Frameworks",
				);
				PRODUCT_BUNDLE_IDENTIFIER = sanyakarpenko.ImageApp;
				PRODUCT_NAME = "$(TARGET_NAME)";
				SWIFT_VERSION = 5.0;
				TARGETED_DEVICE_FAMILY = "1,2";
			};
			name = Debug;
		};
		FA4F476E2583849300E91154 /* Release */ = {
			isa = XCBuildConfiguration;
			buildSettings = {
				ASSETCATALOG_COMPILER_APPICON_NAME = AppIcon;
				ASSETCATALOG_COMPILER_GLOBAL_ACCENT_COLOR_NAME = AccentColor;
				CODE_SIGN_STYLE = Automatic;
				DEVELOPMENT_TEAM = LMGHP5L64B;
				INFOPLIST_FILE = ImageApp/SupportingFiles/Info.plist;
				LD_RUNPATH_SEARCH_PATHS = (
					"$(inherited)",
					"@executable_path/Frameworks",
				);
				PRODUCT_BUNDLE_IDENTIFIER = sanyakarpenko.ImageApp;
				PRODUCT_NAME = "$(TARGET_NAME)";
				SWIFT_VERSION = 5.0;
				TARGETED_DEVICE_FAMILY = "1,2";
			};
			name = Release;
		};
/* End XCBuildConfiguration section */

/* Begin XCConfigurationList section */
		FA4F47532583849300E91154 /* Build configuration list for PBXProject "ImageApp" */ = {
			isa = XCConfigurationList;
			buildConfigurations = (
				FA4F476A2583849300E91154 /* Debug */,
				FA4F476B2583849300E91154 /* Release */,
			);
			defaultConfigurationIsVisible = 0;
			defaultConfigurationName = Release;
		};
		FA4F476C2583849300E91154 /* Build configuration list for PBXNativeTarget "ImageApp" */ = {
			isa = XCConfigurationList;
			buildConfigurations = (
				FA4F476D2583849300E91154 /* Debug */,
				FA4F476E2583849300E91154 /* Release */,
			);
			defaultConfigurationIsVisible = 0;
			defaultConfigurationName = Release;
		};
/* End XCConfigurationList section */
	};
	rootObject = FA4F47502583849300E91154 /* Project object */;
}
